
Microsoft Visual Studio Solution File, Format Version 12.00
# Visual Studio Version 16
VisualStudioVersion = 16.0.28803.452
MinimumVisualStudioVersion = 10.0.40219.1
Project("{9A19103F-16F7-4668-BE54-9A1E7A4F7556}") = "SfMaskedEditSample", "SfMaskedEditSample\SfMaskedEditSample\SfMaskedEditSample.csproj", "{2CB91FDA-A1D1-4302-BCC4-554D5164D485}"
EndProject
Project("{FAE04EC0-301F-11D3-BF4B-00C04F79EFBC}") = "SfMaskedEditSample.UWP", "SfMaskedEditSample\SfMaskedEditSample.UWP\SfMaskedEditSample.UWP.csproj", "{943F7CC0-A93F-4A15-A7A6-674A9C1460F2}"
EndProject
Project("{FAE04EC0-301F-11D3-BF4B-00C04F79EFBC}") = "SfMaskedEditSample.Android", "SfMaskedEditSample\SfMaskedEditSample.Android\SfMaskedEditSample.Android.csproj", "{3405D0D8-DD80-4BAD-AA9E-13E092FE0948}"
EndProject
Project("{FAE04EC0-301F-11D3-BF4B-00C04F79EFBC}") = "SfMaskedEditSample.iOS", "SfMaskedEditSample\SfMaskedEditSample.iOS\SfMaskedEditSample.iOS.csproj", "{B3B3C997-A805-4844-8107-54D12F8EE610}"
EndProject
Global
	GlobalSection(SolutionConfigurationPlatforms) = preSolution
		Ad-Hoc|Any CPU = Ad-Hoc|Any CPU
		Ad-Hoc|ARM = Ad-Hoc|ARM
		Ad-Hoc|iPhone = Ad-Hoc|iPhone
		Ad-Hoc|iPhoneSimulator = Ad-Hoc|iPhoneSimulator
		Ad-Hoc|x64 = Ad-Hoc|x64
		Ad-Hoc|x86 = Ad-Hoc|x86
		AppStore|Any CPU = AppStore|Any CPU
		AppStore|ARM = AppStore|ARM
		AppStore|iPhone = AppStore|iPhone
		AppStore|iPhoneSimulator = AppStore|iPhoneSimulator
		AppStore|x64 = AppStore|x64
		AppStore|x86 = AppStore|x86
		Debug|Any CPU = Debug|Any CPU
		Debug|ARM = Debug|ARM
		Debug|iPhone = Debug|iPhone
		Debug|iPhoneSimulator = Debug|iPhoneSimulator
		Debug|x64 = Debug|x64
		Debug|x86 = Debug|x86
		Release|Any CPU = Release|Any CPU
		Release|ARM = Release|ARM
		Release|iPhone = Release|iPhone
		Release|iPhoneSimulator = Release|iPhoneSimulator
		Release|x64 = Release|x64
		Release|x86 = Release|x86
		Release-xml|Any CPU = Release-xml|Any CPU
		Release-xml|ARM = Release-xml|ARM
		Release-xml|iPhone = Release-xml|iPhone
		Release-xml|iPhoneSimulator = Release-xml|iPhoneSimulator
		Release-xml|x64 = Release-xml|x64
		Release-xml|x86 = Release-xml|x86
	EndGlobalSection
	GlobalSection(ProjectConfigurationPlatforms) = postSolution
		{2CB91FDA-A1D1-4302-BCC4-554D5164D485}.Ad-Hoc|Any CPU.ActiveCfg = Debug|Any CPU
		{2CB91FDA-A1D1-4302-BCC4-554D5164D485}.Ad-Hoc|Any CPU.Build.0 = Debug|Any CPU
		{2CB91FDA-A1D1-4302-BCC4-554D5164D485}.Ad-Hoc|Any CPU.Deploy.0 = Debug|Any CPU
		{2CB91FDA-A1D1-4302-BCC4-554D5164D485}.Ad-Hoc|ARM.ActiveCfg = Debug|Any CPU
		{2CB91FDA-A1D1-4302-BCC4-554D5164D485}.Ad-Hoc|ARM.Build.0 = Debug|Any CPU
		{2CB91FDA-A1D1-4302-BCC4-554D5164D485}.Ad-Hoc|ARM.Deploy.0 = Debug|Any CPU
		{2CB91FDA-A1D1-4302-BCC4-554D5164D485}.Ad-Hoc|iPhone.ActiveCfg = Debug|Any CPU
		{2CB91FDA-A1D1-4302-BCC4-554D5164D485}.Ad-Hoc|iPhone.Build.0 = Debug|Any CPU
		{2CB91FDA-A1D1-4302-BCC4-554D5164D485}.Ad-Hoc|iPhone.Deploy.0 = Debug|Any CPU
		{2CB91FDA-A1D1-4302-BCC4-554D5164D485}.Ad-Hoc|iPhoneSimulator.ActiveCfg = Debug|Any CPU
		{2CB91FDA-A1D1-4302-BCC4-554D5164D485}.Ad-Hoc|iPhoneSimulator.Build.0 = Debug|Any CPU
		{2CB91FDA-A1D1-4302-BCC4-554D5164D485}.Ad-Hoc|iPhoneSimulator.Deploy.0 = Debug|Any CPU
		{2CB91FDA-A1D1-4302-BCC4-554D5164D485}.Ad-Hoc|x64.ActiveCfg = Debug|Any CPU
		{2CB91FDA-A1D1-4302-BCC4-554D5164D485}.Ad-Hoc|x64.Build.0 = Debug|Any CPU
		{2CB91FDA-A1D1-4302-BCC4-554D5164D485}.Ad-Hoc|x64.Deploy.0 = Debug|Any CPU
		{2CB91FDA-A1D1-4302-BCC4-554D5164D485}.Ad-Hoc|x86.ActiveCfg = Debug|Any CPU
		{2CB91FDA-A1D1-4302-BCC4-554D5164D485}.Ad-Hoc|x86.Build.0 = Debug|Any CPU
		{2CB91FDA-A1D1-4302-BCC4-554D5164D485}.Ad-Hoc|x86.Deploy.0 = Debug|Any CPU
		{2CB91FDA-A1D1-4302-BCC4-554D5164D485}.AppStore|Any CPU.ActiveCfg = Debug|Any CPU
		{2CB91FDA-A1D1-4302-BCC4-554D5164D485}.AppStore|Any CPU.Build.0 = Debug|Any CPU
		{2CB91FDA-A1D1-4302-BCC4-554D5164D485}.AppStore|Any CPU.Deploy.0 = Debug|Any CPU
		{2CB91FDA-A1D1-4302-BCC4-554D5164D485}.AppStore|ARM.ActiveCfg = Debug|Any CPU
		{2CB91FDA-A1D1-4302-BCC4-554D5164D485}.AppStore|ARM.Build.0 = Debug|Any CPU
		{2CB91FDA-A1D1-4302-BCC4-554D5164D485}.AppStore|ARM.Deploy.0 = Debug|Any CPU
		{2CB91FDA-A1D1-4302-BCC4-554D5164D485}.AppStore|iPhone.ActiveCfg = Debug|Any CPU
		{2CB91FDA-A1D1-4302-BCC4-554D5164D485}.AppStore|iPhone.Build.0 = Debug|Any CPU
		{2CB91FDA-A1D1-4302-BCC4-554D5164D485}.AppStore|iPhone.Deploy.0 = Debug|Any CPU
		{2CB91FDA-A1D1-4302-BCC4-554D5164D485}.AppStore|iPhoneSimulator.ActiveCfg = Debug|Any CPU
		{2CB91FDA-A1D1-4302-BCC4-554D5164D485}.AppStore|iPhoneSimulator.Build.0 = Debug|Any CPU
		{2CB91FDA-A1D1-4302-BCC4-554D5164D485}.AppStore|iPhoneSimulator.Deploy.0 = Debug|Any CPU
		{2CB91FDA-A1D1-4302-BCC4-554D5164D485}.AppStore|x64.ActiveCfg = Debug|Any CPU
		{2CB91FDA-A1D1-4302-BCC4-554D5164D485}.AppStore|x64.Build.0 = Debug|Any CPU
		{2CB91FDA-A1D1-4302-BCC4-554D5164D485}.AppStore|x64.Deploy.0 = Debug|Any CPU
		{2CB91FDA-A1D1-4302-BCC4-554D5164D485}.AppStore|x86.ActiveCfg = Debug|Any CPU
		{2CB91FDA-A1D1-4302-BCC4-554D5164D485}.AppStore|x86.Build.0 = Debug|Any CPU
		{2CB91FDA-A1D1-4302-BCC4-554D5164D485}.AppStore|x86.Deploy.0 = Debug|Any CPU
		{2CB91FDA-A1D1-4302-BCC4-554D5164D485}.Debug|Any CPU.ActiveCfg = Debug|Any CPU
		{2CB91FDA-A1D1-4302-BCC4-554D5164D485}.Debug|Any CPU.Build.0 = Debug|Any CPU
		{2CB91FDA-A1D1-4302-BCC4-554D5164D485}.Debug|Any CPU.Deploy.0 = Debug|Any CPU
		{2CB91FDA-A1D1-4302-BCC4-554D5164D485}.Debug|ARM.ActiveCfg = Debug|Any CPU
		{2CB91FDA-A1D1-4302-BCC4-554D5164D485}.Debug|ARM.Build.0 = Debug|Any CPU
		{2CB91FDA-A1D1-4302-BCC4-554D5164D485}.Debug|ARM.Deploy.0 = Debug|Any CPU
		{2CB91FDA-A1D1-4302-BCC4-554D5164D485}.Debug|iPhone.ActiveCfg = Debug|Any CPU
		{2CB91FDA-A1D1-4302-BCC4-554D5164D485}.Debug|iPhone.Build.0 = Debug|Any CPU
		{2CB91FDA-A1D1-4302-BCC4-554D5164D485}.Debug|iPhone.Deploy.0 = Debug|Any CPU
		{2CB91FDA-A1D1-4302-BCC4-554D5164D485}.Debug|iPhoneSimulator.ActiveCfg = Debug|Any CPU
		{2CB91FDA-A1D1-4302-BCC4-554D5164D485}.Debug|iPhoneSimulator.Build.0 = Debug|Any CPU
		{2CB91FDA-A1D1-4302-BCC4-554D5164D485}.Debug|iPhoneSimulator.Deploy.0 = Debug|Any CPU
		{2CB91FDA-A1D1-4302-BCC4-554D5164D485}.Debug|x64.ActiveCfg = Debug|Any CPU
		{2CB91FDA-A1D1-4302-BCC4-554D5164D485}.Debug|x64.Build.0 = Debug|Any CPU
		{2CB91FDA-A1D1-4302-BCC4-554D5164D485}.Debug|x64.Deploy.0 = Debug|Any CPU
		{2CB91FDA-A1D1-4302-BCC4-554D5164D485}.Debug|x86.ActiveCfg = Debug|Any CPU
		{2CB91FDA-A1D1-4302-BCC4-554D5164D485}.Debug|x86.Build.0 = Debug|Any CPU
		{2CB91FDA-A1D1-4302-BCC4-554D5164D485}.Debug|x86.Deploy.0 = Debug|Any CPU
		{2CB91FDA-A1D1-4302-BCC4-554D5164D485}.Release|Any CPU.ActiveCfg = Release|Any CPU
		{2CB91FDA-A1D1-4302-BCC4-554D5164D485}.Release|Any CPU.Build.0 = Release|Any CPU
		{2CB91FDA-A1D1-4302-BCC4-554D5164D485}.Release|Any CPU.Deploy.0 = Release|Any CPU
		{2CB91FDA-A1D1-4302-BCC4-554D5164D485}.Release|ARM.ActiveCfg = Release|Any CPU
		{2CB91FDA-A1D1-4302-BCC4-554D5164D485}.Release|ARM.Build.0 = Release|Any CPU
		{2CB91FDA-A1D1-4302-BCC4-554D5164D485}.Release|ARM.Deploy.0 = Release|Any CPU
		{2CB91FDA-A1D1-4302-BCC4-554D5164D485}.Release|iPhone.ActiveCfg = Release|Any CPU
		{2CB91FDA-A1D1-4302-BCC4-554D5164D485}.Release|iPhone.Build.0 = Release|Any CPU
		{2CB91FDA-A1D1-4302-BCC4-554D5164D485}.Release|iPhone.Deploy.0 = Release|Any CPU
		{2CB91FDA-A1D1-4302-BCC4-554D5164D485}.Release|iPhoneSimulator.ActiveCfg = Release|Any CPU
		{2CB91FDA-A1D1-4302-BCC4-554D5164D485}.Release|iPhoneSimulator.Build.0 = Release|Any CPU
		{2CB91FDA-A1D1-4302-BCC4-554D5164D485}.Release|iPhoneSimulator.Deploy.0 = Release|Any CPU
		{2CB91FDA-A1D1-4302-BCC4-554D5164D485}.Release|x64.ActiveCfg = Release|Any CPU
		{2CB91FDA-A1D1-4302-BCC4-554D5164D485}.Release|x64.Build.0 = Release|Any CPU
		{2CB91FDA-A1D1-4302-BCC4-554D5164D485}.Release|x64.Deploy.0 = Release|Any CPU
		{2CB91FDA-A1D1-4302-BCC4-554D5164D485}.Release|x86.ActiveCfg = Release|Any CPU
		{2CB91FDA-A1D1-4302-BCC4-554D5164D485}.Release|x86.Build.0 = Release|Any CPU
		{2CB91FDA-A1D1-4302-BCC4-554D5164D485}.Release|x86.Deploy.0 = Release|Any CPU
		{2CB91FDA-A1D1-4302-BCC4-554D5164D485}.Release-xml|Any CPU.ActiveCfg = Release|Any CPU
		{2CB91FDA-A1D1-4302-BCC4-554D5164D485}.Release-xml|Any CPU.Build.0 = Release|Any CPU
		{2CB91FDA-A1D1-4302-BCC4-554D5164D485}.Release-xml|ARM.ActiveCfg = Release|Any CPU
		{2CB91FDA-A1D1-4302-BCC4-554D5164D485}.Release-xml|ARM.Build.0 = Release|Any CPU
		{2CB91FDA-A1D1-4302-BCC4-554D5164D485}.Release-xml|iPhone.ActiveCfg = Release|Any CPU
		{2CB91FDA-A1D1-4302-BCC4-554D5164D485}.Release-xml|iPhone.Build.0 = Release|Any CPU
		{2CB91FDA-A1D1-4302-BCC4-554D5164D485}.Release-xml|iPhoneSimulator.ActiveCfg = Release|Any CPU
		{2CB91FDA-A1D1-4302-BCC4-554D5164D485}.Release-xml|iPhoneSimulator.Build.0 = Release|Any CPU
		{2CB91FDA-A1D1-4302-BCC4-554D5164D485}.Release-xml|x64.ActiveCfg = Release|Any CPU
		{2CB91FDA-A1D1-4302-BCC4-554D5164D485}.Release-xml|x64.Build.0 = Release|Any CPU
		{2CB91FDA-A1D1-4302-BCC4-554D5164D485}.Release-xml|x86.ActiveCfg = Release|Any CPU
		{2CB91FDA-A1D1-4302-BCC4-554D5164D485}.Release-xml|x86.Build.0 = Release|Any CPU
		{943F7CC0-A93F-4A15-A7A6-674A9C1460F2}.Ad-Hoc|Any CPU.ActiveCfg = Release|x86
		{943F7CC0-A93F-4A15-A7A6-674A9C1460F2}.Ad-Hoc|Any CPU.Build.0 = Release|x86
		{943F7CC0-A93F-4A15-A7A6-674A9C1460F2}.Ad-Hoc|Any CPU.Deploy.0 = Release|x86
		{943F7CC0-A93F-4A15-A7A6-674A9C1460F2}.Ad-Hoc|ARM.ActiveCfg = Release|ARM
		{943F7CC0-A93F-4A15-A7A6-674A9C1460F2}.Ad-Hoc|ARM.Build.0 = Release|ARM
		{943F7CC0-A93F-4A15-A7A6-674A9C1460F2}.Ad-Hoc|ARM.Deploy.0 = Release|ARM
		{943F7CC0-A93F-4A15-A7A6-674A9C1460F2}.Ad-Hoc|iPhone.ActiveCfg = Release|x86
		{943F7CC0-A93F-4A15-A7A6-674A9C1460F2}.Ad-Hoc|iPhone.Build.0 = Release|x86
		{943F7CC0-A93F-4A15-A7A6-674A9C1460F2}.Ad-Hoc|iPhone.Deploy.0 = Release|x86
		{943F7CC0-A93F-4A15-A7A6-674A9C1460F2}.Ad-Hoc|iPhoneSimulator.ActiveCfg = Release|x86
		{943F7CC0-A93F-4A15-A7A6-674A9C1460F2}.Ad-Hoc|iPhoneSimulator.Build.0 = Release|x86
		{943F7CC0-A93F-4A15-A7A6-674A9C1460F2}.Ad-Hoc|iPhoneSimulator.Deploy.0 = Release|x86
		{943F7CC0-A93F-4A15-A7A6-674A9C1460F2}.Ad-Hoc|x64.ActiveCfg = Release|x64
		{943F7CC0-A93F-4A15-A7A6-674A9C1460F2}.Ad-Hoc|x64.Build.0 = Release|x64
		{943F7CC0-A93F-4A15-A7A6-674A9C1460F2}.Ad-Hoc|x64.Deploy.0 = Release|x64
		{943F7CC0-A93F-4A15-A7A6-674A9C1460F2}.Ad-Hoc|x86.ActiveCfg = Release|x86
		{943F7CC0-A93F-4A15-A7A6-674A9C1460F2}.Ad-Hoc|x86.Build.0 = Release|x86
		{943F7CC0-A93F-4A15-A7A6-674A9C1460F2}.Ad-Hoc|x86.Deploy.0 = Release|x86
		{943F7CC0-A93F-4A15-A7A6-674A9C1460F2}.AppStore|Any CPU.ActiveCfg = Release|x86
		{943F7CC0-A93F-4A15-A7A6-674A9C1460F2}.AppStore|Any CPU.Build.0 = Release|x86
		{943F7CC0-A93F-4A15-A7A6-674A9C1460F2}.AppStore|Any CPU.Deploy.0 = Release|x86
		{943F7CC0-A93F-4A15-A7A6-674A9C1460F2}.AppStore|ARM.ActiveCfg = Release|ARM
		{943F7CC0-A93F-4A15-A7A6-674A9C1460F2}.AppStore|ARM.Build.0 = Release|ARM
		{943F7CC0-A93F-4A15-A7A6-674A9C1460F2}.AppStore|ARM.Deploy.0 = Release|ARM
		{943F7CC0-A93F-4A15-A7A6-674A9C1460F2}.AppStore|iPhone.ActiveCfg = Release|x86
		{943F7CC0-A93F-4A15-A7A6-674A9C1460F2}.AppStore|iPhone.Build.0 = Release|x86
		{943F7CC0-A93F-4A15-A7A6-674A9C1460F2}.AppStore|iPhone.Deploy.0 = Release|x86
		{943F7CC0-A93F-4A15-A7A6-674A9C1460F2}.AppStore|iPhoneSimulator.ActiveCfg = Release|x86
		{943F7CC0-A93F-4A15-A7A6-674A9C1460F2}.AppStore|iPhoneSimulator.Build.0 = Release|x86
		{943F7CC0-A93F-4A15-A7A6-674A9C1460F2}.AppStore|iPhoneSimulator.Deploy.0 = Release|x86
		{943F7CC0-A93F-4A15-A7A6-674A9C1460F2}.AppStore|x64.ActiveCfg = Release|x64
		{943F7CC0-A93F-4A15-A7A6-674A9C1460F2}.AppStore|x64.Build.0 = Release|x64
		{943F7CC0-A93F-4A15-A7A6-674A9C1460F2}.AppStore|x64.Deploy.0 = Release|x64
		{943F7CC0-A93F-4A15-A7A6-674A9C1460F2}.AppStore|x86.ActiveCfg = Release|x86
		{943F7CC0-A93F-4A15-A7A6-674A9C1460F2}.AppStore|x86.Build.0 = Release|x86
		{943F7CC0-A93F-4A15-A7A6-674A9C1460F2}.AppStore|x86.Deploy.0 = Release|x86
		{943F7CC0-A93F-4A15-A7A6-674A9C1460F2}.Debug|Any CPU.ActiveCfg = Debug|x86
		{943F7CC0-A93F-4A15-A7A6-674A9C1460F2}.Debug|Any CPU.Build.0 = Debug|x86
		{943F7CC0-A93F-4A15-A7A6-674A9C1460F2}.Debug|Any CPU.Deploy.0 = Debug|x86
		{943F7CC0-A93F-4A15-A7A6-674A9C1460F2}.Debug|ARM.ActiveCfg = Debug|ARM
		{943F7CC0-A93F-4A15-A7A6-674A9C1460F2}.Debug|ARM.Build.0 = Debug|ARM
		{943F7CC0-A93F-4A15-A7A6-674A9C1460F2}.Debug|ARM.Deploy.0 = Debug|ARM
		{943F7CC0-A93F-4A15-A7A6-674A9C1460F2}.Debug|iPhone.ActiveCfg = Debug|x86
		{943F7CC0-A93F-4A15-A7A6-674A9C1460F2}.Debug|iPhoneSimulator.ActiveCfg = Debug|x86
		{943F7CC0-A93F-4A15-A7A6-674A9C1460F2}.Debug|x64.ActiveCfg = Debug|x64
		{943F7CC0-A93F-4A15-A7A6-674A9C1460F2}.Debug|x64.Build.0 = Debug|x64
		{943F7CC0-A93F-4A15-A7A6-674A9C1460F2}.Debug|x64.Deploy.0 = Debug|x64
		{943F7CC0-A93F-4A15-A7A6-674A9C1460F2}.Debug|x86.ActiveCfg = Debug|x86
		{943F7CC0-A93F-4A15-A7A6-674A9C1460F2}.Debug|x86.Build.0 = Debug|x86
		{943F7CC0-A93F-4A15-A7A6-674A9C1460F2}.Debug|x86.Deploy.0 = Debug|x86
		{943F7CC0-A93F-4A15-A7A6-674A9C1460F2}.Release|Any CPU.ActiveCfg = Release|x86
		{943F7CC0-A93F-4A15-A7A6-674A9C1460F2}.Release|ARM.ActiveCfg = Release|ARM
		{943F7CC0-A93F-4A15-A7A6-674A9C1460F2}.Release|ARM.Build.0 = Release|ARM
		{943F7CC0-A93F-4A15-A7A6-674A9C1460F2}.Release|ARM.Deploy.0 = Release|ARM
		{943F7CC0-A93F-4A15-A7A6-674A9C1460F2}.Release|iPhone.ActiveCfg = Release|x86
		{943F7CC0-A93F-4A15-A7A6-674A9C1460F2}.Release|iPhoneSimulator.ActiveCfg = Release|x86
		{943F7CC0-A93F-4A15-A7A6-674A9C1460F2}.Release|x64.ActiveCfg = Release|x64
		{943F7CC0-A93F-4A15-A7A6-674A9C1460F2}.Release|x64.Build.0 = Release|x64
		{943F7CC0-A93F-4A15-A7A6-674A9C1460F2}.Release|x64.Deploy.0 = Release|x64
		{943F7CC0-A93F-4A15-A7A6-674A9C1460F2}.Release|x86.ActiveCfg = Release|x86
		{943F7CC0-A93F-4A15-A7A6-674A9C1460F2}.Release|x86.Build.0 = Release|x86
		{943F7CC0-A93F-4A15-A7A6-674A9C1460F2}.Release|x86.Deploy.0 = Release|x86
		{943F7CC0-A93F-4A15-A7A6-674A9C1460F2}.Release-xml|Any CPU.ActiveCfg = Release|x86
		{943F7CC0-A93F-4A15-A7A6-674A9C1460F2}.Release-xml|Any CPU.Build.0 = Release|x86
		{943F7CC0-A93F-4A15-A7A6-674A9C1460F2}.Release-xml|Any CPU.Deploy.0 = Release|x86
		{943F7CC0-A93F-4A15-A7A6-674A9C1460F2}.Release-xml|ARM.ActiveCfg = Release|ARM
		{943F7CC0-A93F-4A15-A7A6-674A9C1460F2}.Release-xml|ARM.Build.0 = Release|ARM
		{943F7CC0-A93F-4A15-A7A6-674A9C1460F2}.Release-xml|ARM.Deploy.0 = Release|ARM
		{943F7CC0-A93F-4A15-A7A6-674A9C1460F2}.Release-xml|iPhone.ActiveCfg = Release|x86
		{943F7CC0-A93F-4A15-A7A6-674A9C1460F2}.Release-xml|iPhone.Build.0 = Release|x86
		{943F7CC0-A93F-4A15-A7A6-674A9C1460F2}.Release-xml|iPhone.Deploy.0 = Release|x86
		{943F7CC0-A93F-4A15-A7A6-674A9C1460F2}.Release-xml|iPhoneSimulator.ActiveCfg = Release|x86
		{943F7CC0-A93F-4A15-A7A6-674A9C1460F2}.Release-xml|iPhoneSimulator.Build.0 = Release|x86
		{943F7CC0-A93F-4A15-A7A6-674A9C1460F2}.Release-xml|iPhoneSimulator.Deploy.0 = Release|x86
		{943F7CC0-A93F-4A15-A7A6-674A9C1460F2}.Release-xml|x64.ActiveCfg = Release|x64
		{943F7CC0-A93F-4A15-A7A6-674A9C1460F2}.Release-xml|x64.Build.0 = Release|x64
		{943F7CC0-A93F-4A15-A7A6-674A9C1460F2}.Release-xml|x64.Deploy.0 = Release|x64
		{943F7CC0-A93F-4A15-A7A6-674A9C1460F2}.Release-xml|x86.ActiveCfg = Release|x86
		{943F7CC0-A93F-4A15-A7A6-674A9C1460F2}.Release-xml|x86.Build.0 = Release|x86
		{943F7CC0-A93F-4A15-A7A6-674A9C1460F2}.Release-xml|x86.Deploy.0 = Release|x86
		{3405D0D8-DD80-4BAD-AA9E-13E092FE0948}.Ad-Hoc|Any CPU.ActiveCfg = Release|Any CPU
		{3405D0D8-DD80-4BAD-AA9E-13E092FE0948}.Ad-Hoc|Any CPU.Build.0 = Release|Any CPU
		{3405D0D8-DD80-4BAD-AA9E-13E092FE0948}.Ad-Hoc|Any CPU.Deploy.0 = Release|Any CPU
		{3405D0D8-DD80-4BAD-AA9E-13E092FE0948}.Ad-Hoc|ARM.ActiveCfg = Release|Any CPU
		{3405D0D8-DD80-4BAD-AA9E-13E092FE0948}.Ad-Hoc|ARM.Build.0 = Release|Any CPU
		{3405D0D8-DD80-4BAD-AA9E-13E092FE0948}.Ad-Hoc|ARM.Deploy.0 = Release|Any CPU
		{3405D0D8-DD80-4BAD-AA9E-13E092FE0948}.Ad-Hoc|iPhone.ActiveCfg = Release|Any CPU
		{3405D0D8-DD80-4BAD-AA9E-13E092FE0948}.Ad-Hoc|iPhone.Build.0 = Release|Any CPU
		{3405D0D8-DD80-4BAD-AA9E-13E092FE0948}.Ad-Hoc|iPhone.Deploy.0 = Release|Any CPU
		{3405D0D8-DD80-4BAD-AA9E-13E092FE0948}.Ad-Hoc|iPhoneSimulator.ActiveCfg = Release|Any CPU
		{3405D0D8-DD80-4BAD-AA9E-13E092FE0948}.Ad-Hoc|iPhoneSimulator.Build.0 = Release|Any CPU
		{3405D0D8-DD80-4BAD-AA9E-13E092FE0948}.Ad-Hoc|iPhoneSimulator.Deploy.0 = Release|Any CPU
		{3405D0D8-DD80-4BAD-AA9E-13E092FE0948}.Ad-Hoc|x64.ActiveCfg = Release|Any CPU
		{3405D0D8-DD80-4BAD-AA9E-13E092FE0948}.Ad-Hoc|x64.Build.0 = Release|Any CPU
		{3405D0D8-DD80-4BAD-AA9E-13E092FE0948}.Ad-Hoc|x64.Deploy.0 = Release|Any CPU
		{3405D0D8-DD80-4BAD-AA9E-13E092FE0948}.Ad-Hoc|x86.ActiveCfg = Release|Any CPU
		{3405D0D8-DD80-4BAD-AA9E-13E092FE0948}.Ad-Hoc|x86.Build.0 = Release|Any CPU
		{3405D0D8-DD80-4BAD-AA9E-13E092FE0948}.Ad-Hoc|x86.Deploy.0 = Release|Any CPU
		{3405D0D8-DD80-4BAD-AA9E-13E092FE0948}.AppStore|Any CPU.ActiveCfg = Release|Any CPU
		{3405D0D8-DD80-4BAD-AA9E-13E092FE0948}.AppStore|Any CPU.Build.0 = Release|Any CPU
		{3405D0D8-DD80-4BAD-AA9E-13E092FE0948}.AppStore|Any CPU.Deploy.0 = Release|Any CPU
		{3405D0D8-DD80-4BAD-AA9E-13E092FE0948}.AppStore|ARM.ActiveCfg = Release|Any CPU
		{3405D0D8-DD80-4BAD-AA9E-13E092FE0948}.AppStore|ARM.Build.0 = Release|Any CPU
		{3405D0D8-DD80-4BAD-AA9E-13E092FE0948}.AppStore|ARM.Deploy.0 = Release|Any CPU
		{3405D0D8-DD80-4BAD-AA9E-13E092FE0948}.AppStore|iPhone.ActiveCfg = Release|Any CPU
		{3405D0D8-DD80-4BAD-AA9E-13E092FE0948}.AppStore|iPhone.Build.0 = Release|Any CPU
		{3405D0D8-DD80-4BAD-AA9E-13E092FE0948}.AppStore|iPhone.Deploy.0 = Release|Any CPU
		{3405D0D8-DD80-4BAD-AA9E-13E092FE0948}.AppStore|iPhoneSimulator.ActiveCfg = Release|Any CPU
		{3405D0D8-DD80-4BAD-AA9E-13E092FE0948}.AppStore|iPhoneSimulator.Build.0 = Release|Any CPU
		{3405D0D8-DD80-4BAD-AA9E-13E092FE0948}.AppStore|iPhoneSimulator.Deploy.0 = Release|Any CPU
		{3405D0D8-DD80-4BAD-AA9E-13E092FE0948}.AppStore|x64.ActiveCfg = Release|Any CPU
		{3405D0D8-DD80-4BAD-AA9E-13E092FE0948}.AppStore|x64.Build.0 = Release|Any CPU
		{3405D0D8-DD80-4BAD-AA9E-13E092FE0948}.AppStore|x64.Deploy.0 = Release|Any CPU
		{3405D0D8-DD80-4BAD-AA9E-13E092FE0948}.AppStore|x86.ActiveCfg = Release|Any CPU
		{3405D0D8-DD80-4BAD-AA9E-13E092FE0948}.AppStore|x86.Build.0 = Release|Any CPU
		{3405D0D8-DD80-4BAD-AA9E-13E092FE0948}.AppStore|x86.Deploy.0 = Release|Any CPU
		{3405D0D8-DD80-4BAD-AA9E-13E092FE0948}.Debug|Any CPU.ActiveCfg = Debug|Any CPU
		{3405D0D8-DD80-4BAD-AA9E-13E092FE0948}.Debug|Any CPU.Build.0 = Debug|Any CPU
		{3405D0D8-DD80-4BAD-AA9E-13E092FE0948}.Debug|Any CPU.Deploy.0 = Debug|Any CPU
		{3405D0D8-DD80-4BAD-AA9E-13E092FE0948}.Debug|ARM.ActiveCfg = Debug|Any CPU
		{3405D0D8-DD80-4BAD-AA9E-13E092FE0948}.Debug|ARM.Build.0 = Debug|Any CPU
		{3405D0D8-DD80-4BAD-AA9E-13E092FE0948}.Debug|ARM.Deploy.0 = Debug|Any CPU
		{3405D0D8-DD80-4BAD-AA9E-13E092FE0948}.Debug|iPhone.ActiveCfg = Debug|Any CPU
		{3405D0D8-DD80-4BAD-AA9E-13E092FE0948}.Debug|iPhone.Build.0 = Debug|Any CPU
		{3405D0D8-DD80-4BAD-AA9E-13E092FE0948}.Debug|iPhone.Deploy.0 = Debug|Any CPU
		{3405D0D8-DD80-4BAD-AA9E-13E092FE0948}.Debug|iPhoneSimulator.ActiveCfg = Debug|Any CPU
		{3405D0D8-DD80-4BAD-AA9E-13E092FE0948}.Debug|iPhoneSimulator.Build.0 = Debug|Any CPU
		{3405D0D8-DD80-4BAD-AA9E-13E092FE0948}.Debug|iPhoneSimulator.Deploy.0 = Debug|Any CPU
		{3405D0D8-DD80-4BAD-AA9E-13E092FE0948}.Debug|x64.ActiveCfg = Debug|Any CPU
		{3405D0D8-DD80-4BAD-AA9E-13E092FE0948}.Debug|x64.Build.0 = Debug|Any CPU
		{3405D0D8-DD80-4BAD-AA9E-13E092FE0948}.Debug|x64.Deploy.0 = Debug|Any CPU
		{3405D0D8-DD80-4BAD-AA9E-13E092FE0948}.Debug|x86.ActiveCfg = Debug|Any CPU
		{3405D0D8-DD80-4BAD-AA9E-13E092FE0948}.Debug|x86.Build.0 = Debug|Any CPU
		{3405D0D8-DD80-4BAD-AA9E-13E092FE0948}.Debug|x86.Deploy.0 = Debug|Any CPU
		{3405D0D8-DD80-4BAD-AA9E-13E092FE0948}.Release|Any CPU.ActiveCfg = Release|Any CPU
		{3405D0D8-DD80-4BAD-AA9E-13E092FE0948}.Release|Any CPU.Build.0 = Release|Any CPU
		{3405D0D8-DD80-4BAD-AA9E-13E092FE0948}.Release|Any CPU.Deploy.0 = Release|Any CPU
		{3405D0D8-DD80-4BAD-AA9E-13E092FE0948}.Release|ARM.ActiveCfg = Release|Any CPU
		{3405D0D8-DD80-4BAD-AA9E-13E092FE0948}.Release|ARM.Build.0 = Release|Any CPU
		{3405D0D8-DD80-4BAD-AA9E-13E092FE0948}.Release|ARM.Deploy.0 = Release|Any CPU
		{3405D0D8-DD80-4BAD-AA9E-13E092FE0948}.Release|iPhone.ActiveCfg = Release|Any CPU
		{3405D0D8-DD80-4BAD-AA9E-13E092FE0948}.Release|iPhone.Build.0 = Release|Any CPU
		{3405D0D8-DD80-4BAD-AA9E-13E092FE0948}.Release|iPhone.Deploy.0 = Release|Any CPU
		{3405D0D8-DD80-4BAD-AA9E-13E092FE0948}.Release|iPhoneSimulator.ActiveCfg = Release|Any CPU
		{3405D0D8-DD80-4BAD-AA9E-13E092FE0948}.Release|iPhoneSimulator.Build.0 = Release|Any CPU
		{3405D0D8-DD80-4BAD-AA9E-13E092FE0948}.Release|iPhoneSimulator.Deploy.0 = Release|Any CPU
		{3405D0D8-DD80-4BAD-AA9E-13E092FE0948}.Release|x64.ActiveCfg = Release|Any CPU
		{3405D0D8-DD80-4BAD-AA9E-13E092FE0948}.Release|x64.Build.0 = Release|Any CPU
		{3405D0D8-DD80-4BAD-AA9E-13E092FE0948}.Release|x64.Deploy.0 = Release|Any CPU
		{3405D0D8-DD80-4BAD-AA9E-13E092FE0948}.Release|x86.ActiveCfg = Release|Any CPU
		{3405D0D8-DD80-4BAD-AA9E-13E092FE0948}.Release|x86.Build.0 = Release|Any CPU
		{3405D0D8-DD80-4BAD-AA9E-13E092FE0948}.Release|x86.Deploy.0 = Release|Any CPU
		{3405D0D8-DD80-4BAD-AA9E-13E092FE0948}.Release-xml|Any CPU.ActiveCfg = Release|Any CPU
		{3405D0D8-DD80-4BAD-AA9E-13E092FE0948}.Release-xml|Any CPU.Build.0 = Release|Any CPU
		{3405D0D8-DD80-4BAD-AA9E-13E092FE0948}.Release-xml|Any CPU.Deploy.0 = Release|Any CPU
		{3405D0D8-DD80-4BAD-AA9E-13E092FE0948}.Release-xml|ARM.ActiveCfg = Release|Any CPU
		{3405D0D8-DD80-4BAD-AA9E-13E092FE0948}.Release-xml|ARM.Build.0 = Release|Any CPU
		{3405D0D8-DD80-4BAD-AA9E-13E092FE0948}.Release-xml|ARM.Deploy.0 = Release|Any CPU
		{3405D0D8-DD80-4BAD-AA9E-13E092FE0948}.Release-xml|iPhone.ActiveCfg = Release|Any CPU
		{3405D0D8-DD80-4BAD-AA9E-13E092FE0948}.Release-xml|iPhone.Build.0 = Release|Any CPU
		{3405D0D8-DD80-4BAD-AA9E-13E092FE0948}.Release-xml|iPhone.Deploy.0 = Release|Any CPU
		{3405D0D8-DD80-4BAD-AA9E-13E092FE0948}.Release-xml|iPhoneSimulator.ActiveCfg = Release|Any CPU
		{3405D0D8-DD80-4BAD-AA9E-13E092FE0948}.Release-xml|iPhoneSimulator.Build.0 = Release|Any CPU
		{3405D0D8-DD80-4BAD-AA9E-13E092FE0948}.Release-xml|iPhoneSimulator.Deploy.0 = Release|Any CPU
		{3405D0D8-DD80-4BAD-AA9E-13E092FE0948}.Release-xml|x64.ActiveCfg = Release|Any CPU
		{3405D0D8-DD80-4BAD-AA9E-13E092FE0948}.Release-xml|x64.Build.0 = Release|Any CPU
		{3405D0D8-DD80-4BAD-AA9E-13E092FE0948}.Release-xml|x64.Deploy.0 = Release|Any CPU
		{3405D0D8-DD80-4BAD-AA9E-13E092FE0948}.Release-xml|x86.ActiveCfg = Release|Any CPU
		{3405D0D8-DD80-4BAD-AA9E-13E092FE0948}.Release-xml|x86.Build.0 = Release|Any CPU
		{3405D0D8-DD80-4BAD-AA9E-13E092FE0948}.Release-xml|x86.Deploy.0 = Release|Any CPU
		{B3B3C997-A805-4844-8107-54D12F8EE610}.Ad-Hoc|Any CPU.ActiveCfg = Ad-Hoc|iPhone
		{B3B3C997-A805-4844-8107-54D12F8EE610}.Ad-Hoc|ARM.ActiveCfg = Ad-Hoc|iPhone
		{B3B3C997-A805-4844-8107-54D12F8EE610}.Ad-Hoc|iPhone.ActiveCfg = Ad-Hoc|iPhone
		{B3B3C997-A805-4844-8107-54D12F8EE610}.Ad-Hoc|iPhone.Build.0 = Ad-Hoc|iPhone
		{B3B3C997-A805-4844-8107-54D12F8EE610}.Ad-Hoc|iPhoneSimulator.ActiveCfg = Ad-Hoc|iPhoneSimulator
		{B3B3C997-A805-4844-8107-54D12F8EE610}.Ad-Hoc|iPhoneSimulator.Build.0 = Ad-Hoc|iPhoneSimulator
		{B3B3C997-A805-4844-8107-54D12F8EE610}.Ad-Hoc|x64.ActiveCfg = Ad-Hoc|iPhone
		{B3B3C997-A805-4844-8107-54D12F8EE610}.Ad-Hoc|x86.ActiveCfg = Ad-Hoc|iPhone
		{B3B3C997-A805-4844-8107-54D12F8EE610}.AppStore|Any CPU.ActiveCfg = AppStore|iPhone
		{B3B3C997-A805-4844-8107-54D12F8EE610}.AppStore|ARM.ActiveCfg = AppStore|iPhone
		{B3B3C997-A805-4844-8107-54D12F8EE610}.AppStore|iPhone.ActiveCfg = AppStore|iPhone
		{B3B3C997-A805-4844-8107-54D12F8EE610}.AppStore|iPhone.Build.0 = AppStore|iPhone
		{B3B3C997-A805-4844-8107-54D12F8EE610}.AppStore|iPhoneSimulator.ActiveCfg = AppStore|iPhoneSimulator
		{B3B3C997-A805-4844-8107-54D12F8EE610}.AppStore|iPhoneSimulator.Build.0 = AppStore|iPhoneSimulator
		{B3B3C997-A805-4844-8107-54D12F8EE610}.AppStore|x64.ActiveCfg = AppStore|iPhone
		{B3B3C997-A805-4844-8107-54D12F8EE610}.AppStore|x86.ActiveCfg = AppStore|iPhone
		{B3B3C997-A805-4844-8107-54D12F8EE610}.Debug|Any CPU.ActiveCfg = Debug|iPhone
		{B3B3C997-A805-4844-8107-54D12F8EE610}.Debug|ARM.ActiveCfg = Debug|iPhone
		{B3B3C997-A805-4844-8107-54D12F8EE610}.Debug|iPhone.ActiveCfg = Debug|iPhone
		{B3B3C997-A805-4844-8107-54D12F8EE610}.Debug|iPhone.Build.0 = Debug|iPhone
		{B3B3C997-A805-4844-8107-54D12F8EE610}.Debug|iPhoneSimulator.ActiveCfg = Debug|iPhoneSimulator
		{B3B3C997-A805-4844-8107-54D12F8EE610}.Debug|iPhoneSimulator.Build.0 = Debug|iPhoneSimulator
		{B3B3C997-A805-4844-8107-54D12F8EE610}.Debug|x64.ActiveCfg = Debug|iPhone
		{B3B3C997-A805-4844-8107-54D12F8EE610}.Debug|x86.ActiveCfg = Debug|iPhone
		{B3B3C997-A805-4844-8107-54D12F8EE610}.Release|Any CPU.ActiveCfg = Release|iPhone
		{B3B3C997-A805-4844-8107-54D12F8EE610}.Release|ARM.ActiveCfg = Release|iPhone
		{B3B3C997-A805-4844-8107-54D12F8EE610}.Release|iPhone.ActiveCfg = Release|iPhone
		{B3B3C997-A805-4844-8107-54D12F8EE610}.Release|iPhone.Build.0 = Release|iPhone
		{B3B3C997-A805-4844-8107-54D12F8EE610}.Release|iPhoneSimulator.ActiveCfg = Release|iPhoneSimulator
		{B3B3C997-A805-4844-8107-54D12F8EE610}.Release|iPhoneSimulator.Build.0 = Release|iPhoneSimulator
		{B3B3C997-A805-4844-8107-54D12F8EE610}.Release|x64.ActiveCfg = Release|iPhone
		{B3B3C997-A805-4844-8107-54D12F8EE610}.Release|x86.ActiveCfg = Release|iPhone
		{B3B3C997-A805-4844-8107-54D12F8EE610}.Release-xml|Any CPU.ActiveCfg = AppStore|iPhone
		{B3B3C997-A805-4844-8107-54D12F8EE610}.Release-xml|Any CPU.Build.0 = AppStore|iPhone
		{B3B3C997-A805-4844-8107-54D12F8EE610}.Release-xml|ARM.ActiveCfg = AppStore|iPhone
		{B3B3C997-A805-4844-8107-54D12F8EE610}.Release-xml|ARM.Build.0 = AppStore|iPhone
		{B3B3C997-A805-4844-8107-54D12F8EE610}.Release-xml|iPhone.ActiveCfg = Release|iPhone
		{B3B3C997-A805-4844-8107-54D12F8EE610}.Release-xml|iPhone.Build.0 = Release|iPhone
		{B3B3C997-A805-4844-8107-54D12F8EE610}.Release-xml|iPhoneSimulator.ActiveCfg = Release|iPhoneSimulator
		{B3B3C997-A805-4844-8107-54D12F8EE610}.Release-xml|iPhoneSimulator.Build.0 = Release|iPhoneSimulator
		{B3B3C997-A805-4844-8107-54D12F8EE610}.Release-xml|x64.ActiveCfg = AppStore|iPhone
		{B3B3C997-A805-4844-8107-54D12F8EE610}.Release-xml|x64.Build.0 = AppStore|iPhone
		{B3B3C997-A805-4844-8107-54D12F8EE610}.Release-xml|x86.ActiveCfg = AppStore|iPhone
		{B3B3C997-A805-4844-8107-54D12F8EE610}.Release-xml|x86.Build.0 = AppStore|iPhone
	EndGlobalSection
	GlobalSection(SolutionProperties) = preSolution
		HideSolutionNode = FALSE
	EndGlobalSection
	GlobalSection(ExtensibilityGlobals) = postSolution
		SolutionGuid = {191AB29A-4170-4783-A588-014C57BBBD0D}
	EndGlobalSection
EndGlobal
